Microsoft Visual Studio Solution File, Format Version 12.00
# Visual Studio Version 17
VisualStudioVersion = 17.5.2.0
MinimumVisualStudioVersion = 10.0.40219.1
Project("{FAE04EC0-301F-11D3-BF4B-00C04F79EFBC}") = "Arrayer", "Arrayer.csproj", "{948E060E-1C21-CD54-4189-49424AC74515}"
EndProject
Global
	GlobalSection(SolutionConfigurationPlatforms) = preSolution
		Debug|Any CPU = Debug|Any CPU
		Release|Any CPU = Release|Any CPU
	EndGlobalSection
	GlobalSection(ProjectConfigurationPlatforms) = postSolution
		{948E060E-1C21-CD54-4189-49424AC74515}.Debug|Any CPU.ActiveCfg = Debug|Any CPU
		{948E060E-1C21-CD54-4189-49424AC74515}.Debug|Any CPU.Build.0 = Debug|Any CPU
		{948E060E-1C21-CD54-4189-49424AC74515}.Release|Any CPU.ActiveCfg = Release|Any CPU
		{948E060E-1C21-CD54-4189-49424AC74515}.Release|Any CPU.Build.0 = Release|Any CPU
	EndGlobalSection
	GlobalSection(SolutionProperties) = preSolution
		HideSolutionNode = FALSE
	EndGlobalSection
	GlobalSection(ExtensibilityGlobals) = postSolution
		SolutionGuid = {F2CBF62B-2D74-4FD9-8B24-06A47D7A1BF0}
	EndGlobalSection
EndGlobal
