Microsoft Visual Studio Solution File, Format Version 12.00
# Visual Studio Version 17
VisualStudioVersion = 17.5.2.0
MinimumVisualStudioVersion = 10.0.40219.1
Project("{FAE04EC0-301F-11D3-BF4B-00C04F79EFBC}") = "Contosopetoso", "Contosopetoso.csproj", "{176600DD-A1A5-CC15-39BC-AB59785EE3EF}"
EndProject
Global
	GlobalSection(SolutionConfigurationPlatforms) = preSolution
		Debug|Any CPU = Debug|Any CPU
		Release|Any CPU = Release|Any CPU
	EndGlobalSection
	GlobalSection(ProjectConfigurationPlatforms) = postSolution
		{176600DD-A1A5-CC15-39BC-AB59785EE3EF}.Debug|Any CPU.ActiveCfg = Debug|Any CPU
		{176600DD-A1A5-CC15-39BC-AB59785EE3EF}.Debug|Any CPU.Build.0 = Debug|Any CPU
		{176600DD-A1A5-CC15-39BC-AB59785EE3EF}.Release|Any CPU.ActiveCfg = Release|Any CPU
		{176600DD-A1A5-CC15-39BC-AB59785EE3EF}.Release|Any CPU.Build.0 = Release|Any CPU
	EndGlobalSection
	GlobalSection(SolutionProperties) = preSolution
		HideSolutionNode = FALSE
	EndGlobalSection
	GlobalSection(ExtensibilityGlobals) = postSolution
		SolutionGuid = {56A81E88-B258-4049-8542-C3038058991D}
	EndGlobalSection
EndGlobal
